# Python 3.10 / Linux x86_64 CPU environment used by the native module smoke.
# Install torch/torchvision from the official CPU index first (see native/README.md).
annotated-types==0.8.0
antlr4-python3-runtime==4.9.3
certifi==2026.7.22
charset-normalizer==3.5.2
click==8.5.0
docker-pycreds==0.4.0
einops==0.8.2
einx==0.4.3
exceptiongroup==1.3.1
filelock==3.32.3
frozendict==2.4.7
fsspec==2026.7.0
gitdb==4.0.12
GitPython==3.2.0
idna==3.20
iniconfig==2.3.0
Jinja2==3.1.6
loguru==0.7.3
MarkupSafe==3.0.3
mpmath==1.3.0
networkx==3.4.2
numpy==1.26.4
omegaconf==2.3.0
packaging==26.3
pillow==12.3.0
platformdirs==4.12.3
pluggy==1.6.0
protobuf==6.33.6
psutil==7.2.2
pydantic==2.13.5
pydantic_core==2.46.5
pytest==8.3.5
PyYAML==6.0.3
requests==2.34.2
sentry-sdk==2.71.0
setproctitle==1.3.8
six==1.17.0
smmap==5.0.3
sympy==1.14.0
tomli==2.4.1
torch==2.7.0+cpu
torch-einops-utils==0.1.34
torchvision==0.22.0+cpu
typing-inspection==0.4.4
typing_extensions==4.16.0
urllib3==2.8.0
vector-quantize-pytorch==1.31.6
wandb==0.19.11
